// !$*UTF8*$!
{
	archiveVersion = 1;
	classes = {
	};
	objectVersion = 56;
	objects = {

/* Begin PBXBuildFile section */
		36108CAA2A2A276100CA6D60 /* locations.json in Resources */ = {isa = PBXBuildFile; fileRef = 36108CA72A2A276100CA6D60 /* locations.json */; };
		36108CAB2A2A276100CA6D60 /* animals.json in Resources */ = {isa = PBXBuildFile; fileRef = 36108CA82A2A276100CA6D60 /* animals.json */; };
		36108CAC2A2A276100CA6D60 /* videos.json in Resources */ = {isa = PBXBuildFile; fileRef = 36108CA92A2A276100CA6D60 /* videos.json */; };
		36108CC12A2A317300CA6D60 /* VideoListView.swift in Sources */ = {isa = PBXBuildFile; fileRef = 36108CC02A2A317300CA6D60 /* VideoListView.swift */; };
		36108CC32A2A317A00CA6D60 /* MapView.swift in Sources */ = {isa = PBXBuildFile; fileRef = 36108CC22A2A317A00CA6D60 /* MapView.swift */; };
		36108CC52A2A318000CA6D60 /* GalleryView.swift in Sources */ = {isa = PBXBuildFile; fileRef = 36108CC42A2A318000CA6D60 /* GalleryView.swift */; };
		36108CC72A2A318800CA6D60 /* MainView.swift in Sources */ = {isa = PBXBuildFile; fileRef = 36108CC62A2A318800CA6D60 /* MainView.swift */; };
		36108CC92A2A328100CA6D60 /* CoverImageView.swift in Sources */ = {isa = PBXBuildFile; fileRef = 36108CC82A2A328100CA6D60 /* CoverImageView.swift */; };
		36108CCB2A2A35BB00CA6D60 /* CoverImageModel.swift in Sources */ = {isa = PBXBuildFile; fileRef = 36108CCA2A2A35BB00CA6D60 /* CoverImageModel.swift */; };
		36108CD02A2DD19400CA6D60 /* covers.json in Resources */ = {isa = PBXBuildFile; fileRef = 36108CCF2A2DD19400CA6D60 /* covers.json */; };
		36108CD22A2DD20B00CA6D60 /* CodableBundle.swift in Sources */ = {isa = PBXBuildFile; fileRef = 36108CD12A2DD20B00CA6D60 /* CodableBundle.swift */; };
		36108CD42A2DD59A00CA6D60 /* AnimalListItemView.swift in Sources */ = {isa = PBXBuildFile; fileRef = 36108CD32A2DD59A00CA6D60 /* AnimalListItemView.swift */; };
		36108CD62A2DD7D500CA6D60 /* AnimalModel.swift in Sources */ = {isa = PBXBuildFile; fileRef = 36108CD52A2DD7D500CA6D60 /* AnimalModel.swift */; };
		36108CD82A2DE04500CA6D60 /* AnimalDetailView.swift in Sources */ = {isa = PBXBuildFile; fileRef = 36108CD72A2DE04500CA6D60 /* AnimalDetailView.swift */; };
		36108CDA2A2DE1DA00CA6D60 /* HeadingView.swift in Sources */ = {isa = PBXBuildFile; fileRef = 36108CD92A2DE1DA00CA6D60 /* HeadingView.swift */; };
		36108CDC2A2DE25F00CA6D60 /* InsetGalleryView.swift in Sources */ = {isa = PBXBuildFile; fileRef = 36108CDB2A2DE25F00CA6D60 /* InsetGalleryView.swift */; };
		36108CDE2A2DE3B900CA6D60 /* InsetFactView.swift in Sources */ = {isa = PBXBuildFile; fileRef = 36108CDD2A2DE3B900CA6D60 /* InsetFactView.swift */; };
		36108CE02A2DE66900CA6D60 /* InsetMapView.swift in Sources */ = {isa = PBXBuildFile; fileRef = 36108CDF2A2DE66900CA6D60 /* InsetMapView.swift */; };
		36108CE22A2DE9AB00CA6D60 /* ExternalWebLinkView.swift in Sources */ = {isa = PBXBuildFile; fileRef = 36108CE12A2DE9AB00CA6D60 /* ExternalWebLinkView.swift */; };
		36108CE42A2DEC1600CA6D60 /* VideoModel.swift in Sources */ = {isa = PBXBuildFile; fileRef = 36108CE32A2DEC1600CA6D60 /* VideoModel.swift */; };
		36108CE62A2DEC4600CA6D60 /* VideoListItemView.swift in Sources */ = {isa = PBXBuildFile; fileRef = 36108CE52A2DEC4600CA6D60 /* VideoListItemView.swift */; };
		36108CE82A2DF12E00CA6D60 /* VideoPlayerView.swift in Sources */ = {isa = PBXBuildFile; fileRef = 36108CE72A2DF12D00CA6D60 /* VideoPlayerView.swift */; };
		36108CF32A2DF1EA00CA6D60 /* rhino.mp4 in Resources */ = {isa = PBXBuildFile; fileRef = 36108CE92A2DF1E800CA6D60 /* rhino.mp4 */; };
		36108CF42A2DF1EA00CA6D60 /* cheetah.mp4 in Resources */ = {isa = PBXBuildFile; fileRef = 36108CEA2A2DF1E800CA6D60 /* cheetah.mp4 */; };
		36108CF52A2DF1EA00CA6D60 /* gorilla.mp4 in Resources */ = {isa = PBXBuildFile; fileRef = 36108CEB2A2DF1E900CA6D60 /* gorilla.mp4 */; };
		36108CF62A2DF1EA00CA6D60 /* giraffe.mp4 in Resources */ = {isa = PBXBuildFile; fileRef = 36108CEC2A2DF1E900CA6D60 /* giraffe.mp4 */; };
		36108CF72A2DF1EA00CA6D60 /* lioness.mp4 in Resources */ = {isa = PBXBuildFile; fileRef = 36108CED2A2DF1E900CA6D60 /* lioness.mp4 */; };
		36108CF82A2DF1EA00CA6D60 /* lion.mp4 in Resources */ = {isa = PBXBuildFile; fileRef = 36108CEE2A2DF1E900CA6D60 /* lion.mp4 */; };
		36108CF92A2DF1EA00CA6D60 /* zebra.mp4 in Resources */ = {isa = PBXBuildFile; fileRef = 36108CEF2A2DF1E900CA6D60 /* zebra.mp4 */; };
		36108CFA2A2DF1EA00CA6D60 /* hippo.mp4 in Resources */ = {isa = PBXBuildFile; fileRef = 36108CF02A2DF1EA00CA6D60 /* hippo.mp4 */; };
		36108CFB2A2DF1EA00CA6D60 /* elephant.mp4 in Resources */ = {isa = PBXBuildFile; fileRef = 36108CF12A2DF1EA00CA6D60 /* elephant.mp4 */; };
		36108CFC2A2DF1EA00CA6D60 /* ostrich.mp4 in Resources */ = {isa = PBXBuildFile; fileRef = 36108CF22A2DF1EA00CA6D60 /* ostrich.mp4 */; };
		36108D012A2DF23A00CA6D60 /* VideoPlayerHelper.swift in Sources */ = {isa = PBXBuildFile; fileRef = 36108D002A2DF23A00CA6D60 /* VideoPlayerHelper.swift */; };
		36108D032A2DF58000CA6D60 /* LocationModel.swift in Sources */ = {isa = PBXBuildFile; fileRef = 36108D022A2DF57F00CA6D60 /* LocationModel.swift */; };
		36108D052A2DFAB100CA6D60 /* MapAnnotationView.swift in Sources */ = {isa = PBXBuildFile; fileRef = 36108D042A2DFAB100CA6D60 /* MapAnnotationView.swift */; };
		36108D072A2E02C000CA6D60 /* MotionAnimationView.swift in Sources */ = {isa = PBXBuildFile; fileRef = 36108D062A2E02C000CA6D60 /* MotionAnimationView.swift */; };
		36108D092A2E0EF700CA6D60 /* AnimalGridItemView.swift in Sources */ = {isa = PBXBuildFile; fileRef = 36108D082A2E0EF700CA6D60 /* AnimalGridItemView.swift */; };
		36D929232A29C63900D80748 /* AnimalInfoApp.swift in Sources */ = {isa = PBXBuildFile; fileRef = 36D929222A29C63900D80748 /* AnimalInfoApp.swift */; };
		36D929252A29C63900D80748 /* ContentView.swift in Sources */ = {isa = PBXBuildFile; fileRef = 36D929242A29C63900D80748 /* ContentView.swift */; };
		36D929272A29C63A00D80748 /* Assets.xcassets in Resources */ = {isa = PBXBuildFile; fileRef = 36D929262A29C63A00D80748 /* Assets.xcassets */; };
		36D9292A2A29C63A00D80748 /* Preview Assets.xcassets in Resources */ = {isa = PBXBuildFile; fileRef = 36D929292A29C63A00D80748 /* Preview Assets.xcassets */; };
/* End PBXBuildFile section */

/* Begin PBXFileReference section */
		36108CA72A2A276100CA6D60 /* locations.json */ = {isa = PBXFileReference; fileEncoding = 4; lastKnownFileType = text.json; path = locations.json; sourceTree = "<group>"; };
		36108CA82A2A276100CA6D60 /* animals.json */ = {isa = PBXFileReference; fileEncoding = 4; lastKnownFileType = text.json; path = animals.json; sourceTree = "<group>"; };
		36108CA92A2A276100CA6D60 /* videos.json */ = {isa = PBXFileReference; fileEncoding = 4; lastKnownFileType = text.json; path = videos.json; sourceTree = "<group>"; };
		36108CBF2A2A29B600CA6D60 /* Info.plist */ = {isa = PBXFileReference; lastKnownFileType = text.plist; path = Info.plist; sourceTree = "<group>"; };
		36108CC02A2A317300CA6D60 /* VideoListView.swift */ = {isa = PBXFileReference; lastKnownFileType = sourcecode.swift; path = VideoListView.swift; sourceTree = "<group>"; };
		36108CC22A2A317A00CA6D60 /* MapView.swift */ = {isa = PBXFileReference; lastKnownFileType = sourcecode.swift; path = MapView.swift; sourceTree = "<group>"; };
		36108CC42A2A318000CA6D60 /* GalleryView.swift */ = {isa = PBXFileReference; lastKnownFileType = sourcecode.swift; path = GalleryView.swift; sourceTree = "<group>"; };
		36108CC62A2A318800CA6D60 /* MainView.swift */ = {isa = PBXFileReference; lastKnownFileType = sourcecode.swift; path = MainView.swift; sourceTree = "<group>"; };
		36108CC82A2A328100CA6D60 /* CoverImageView.swift */ = {isa = PBXFileReference; lastKnownFileType = sourcecode.swift; path = CoverImageView.swift; sourceTree = "<group>"; };
		36108CCA2A2A35BB00CA6D60 /* CoverImageModel.swift */ = {isa = PBXFileReference; lastKnownFileType = sourcecode.swift; path = CoverImageModel.swift; sourceTree = "<group>"; };
		36108CCF2A2DD19400CA6D60 /* covers.json */ = {isa = PBXFileReference; fileEncoding = 4; lastKnownFileType = text.json; path = covers.json; sourceTree = "<group>"; };
		36108CD12A2DD20B00CA6D60 /* CodableBundle.swift */ = {isa = PBXFileReference; lastKnownFileType = sourcecode.swift; path = CodableBundle.swift; sourceTree = "<group>"; };
		36108CD32A2DD59A00CA6D60 /* AnimalListItemView.swift */ = {isa = PBXFileReference; lastKnownFileType = sourcecode.swift; path = AnimalListItemView.swift; sourceTree = "<group>"; };
		36108CD52A2DD7D500CA6D60 /* AnimalModel.swift */ = {isa = PBXFileReference; lastKnownFileType = sourcecode.swift; path = AnimalModel.swift; sourceTree = "<group>"; };
		36108CD72A2DE04500CA6D60 /* AnimalDetailView.swift */ = {isa = PBXFileReference; lastKnownFileType = sourcecode.swift; path = AnimalDetailView.swift; sourceTree = "<group>"; };
		36108CD92A2DE1DA00CA6D60 /* HeadingView.swift */ = {isa = PBXFileReference; lastKnownFileType = sourcecode.swift; path = HeadingView.swift; sourceTree = "<group>"; };
		36108CDB2A2DE25F00CA6D60 /* InsetGalleryView.swift */ = {isa = PBXFileReference; lastKnownFileType = sourcecode.swift; path = InsetGalleryView.swift; sourceTree = "<group>"; };
		36108CDD2A2DE3B900CA6D60 /* InsetFactView.swift */ = {isa = PBXFileReference; lastKnownFileType = sourcecode.swift; path = InsetFactView.swift; sourceTree = "<group>"; };
		36108CDF2A2DE66900CA6D60 /* InsetMapView.swift */ = {isa = PBXFileReference; lastKnownFileType = sourcecode.swift; path = InsetMapView.swift; sourceTree = "<group>"; };
		36108CE12A2DE9AB00CA6D60 /* ExternalWebLinkView.swift */ = {isa = PBXFileReference; lastKnownFileType = sourcecode.swift; path = ExternalWebLinkView.swift; sourceTree = "<group>"; };
		36108CE32A2DEC1600CA6D60 /* VideoModel.swift */ = {isa = PBXFileReference; lastKnownFileType = sourcecode.swift; path = VideoModel.swift; sourceTree = "<group>"; };
		36108CE52A2DEC4600CA6D60 /* VideoListItemView.swift */ = {isa = PBXFileReference; lastKnownFileType = sourcecode.swift; path = VideoListItemView.swift; sourceTree = "<group>"; };
		36108CE72A2DF12D00CA6D60 /* VideoPlayerView.swift */ = {isa = PBXFileReference; lastKnownFileType = sourcecode.swift; path = VideoPlayerView.swift; sourceTree = "<group>"; };
		36108CE92A2DF1E800CA6D60 /* rhino.mp4 */ = {isa = PBXFileReference; lastKnownFileType = file; path = rhino.mp4; sourceTree = "<group>"; };
		36108CEA2A2DF1E800CA6D60 /* cheetah.mp4 */ = {isa = PBXFileReference; lastKnownFileType = file; path = cheetah.mp4; sourceTree = "<group>"; };
		36108CEB2A2DF1E900CA6D60 /* gorilla.mp4 */ = {isa = PBXFileReference; lastKnownFileType = file; path = gorilla.mp4; sourceTree = "<group>"; };
		36108CEC2A2DF1E900CA6D60 /* giraffe.mp4 */ = {isa = PBXFileReference; lastKnownFileType = file; path = giraffe.mp4; sourceTree = "<group>"; };
		36108CED2A2DF1E900CA6D60 /* lioness.mp4 */ = {isa = PBXFileReference; lastKnownFileType = file; path = lioness.mp4; sourceTree = "<group>"; };
		36108CEE2A2DF1E900CA6D60 /* lion.mp4 */ = {isa = PBXFileReference; lastKnownFileType = file; path = lion.mp4; sourceTree = "<group>"; };
		36108CEF2A2DF1E900CA6D60 /* zebra.mp4 */ = {isa = PBXFileReference; lastKnownFileType = file; path = zebra.mp4; sourceTree = "<group>"; };
		36108CF02A2DF1EA00CA6D60 /* hippo.mp4 */ = {isa = PBXFileReference; lastKnownFileType = file; path = hippo.mp4; sourceTree = "<group>"; };
		36108CF12A2DF1EA00CA6D60 /* elephant.mp4 */ = {isa = PBXFileReference; lastKnownFileType = file; path = elephant.mp4; sourceTree = "<group>"; };
		36108CF22A2DF1EA00CA6D60 /* ostrich.mp4 */ = {isa = PBXFileReference; lastKnownFileType = file; path = ostrich.mp4; sourceTree = "<group>"; };
		36108D002A2DF23A00CA6D60 /* VideoPlayerHelper.swift */ = {isa = PBXFileReference; lastKnownFileType = sourcecode.swift; path = VideoPlayerHelper.swift; sourceTree = "<group>"; };
		36108D022A2DF57F00CA6D60 /* LocationModel.swift */ = {isa = PBXFileReference; lastKnownFileType = sourcecode.swift; path = LocationModel.swift; sourceTree = "<group>"; };
		36108D042A2DFAB100CA6D60 /* MapAnnotationView.swift */ = {isa = PBXFileReference; lastKnownFileType = sourcecode.swift; path = MapAnnotationView.swift; sourceTree = "<group>"; };
		36108D062A2E02C000CA6D60 /* MotionAnimationView.swift */ = {isa = PBXFileReference; lastKnownFileType = sourcecode.swift; path = MotionAnimationView.swift; sourceTree = "<group>"; };
		36108D082A2E0EF700CA6D60 /* AnimalGridItemView.swift */ = {isa = PBXFileReference; lastKnownFileType = sourcecode.swift; path = AnimalGridItemView.swift; sourceTree = "<group>"; };
		36D9291F2A29C63900D80748 /* AnimalInfo.app */ = {isa = PBXFileReference; explicitFileType = wrapper.application; includeInIndex = 0; path = AnimalInfo.app; sourceTree = BUILT_PRODUCTS_DIR; };
		36D929222A29C63900D80748 /* AnimalInfoApp.swift */ = {isa = PBXFileReference; lastKnownFileType = sourcecode.swift; path = AnimalInfoApp.swift; sourceTree = "<group>"; };
		36D929242A29C63900D80748 /* ContentView.swift */ = {isa = PBXFileReference; lastKnownFileType = sourcecode.swift; path = ContentView.swift; sourceTree = "<group>"; };
		36D929262A29C63A00D80748 /* Assets.xcassets */ = {isa = PBXFileReference; lastKnownFileType = folder.assetcatalog; path = Assets.xcassets; sourceTree = "<group>"; };
		36D929292A29C63A00D80748 /* Preview Assets.xcassets */ = {isa = PBXFileReference; lastKnownFileType = folder.assetcatalog; path = "Preview Assets.xcassets"; sourceTree = "<group>"; };
/* End PBXFileReference section */

/* Begin PBXFrameworksBuildPhase section */
		36D9291C2A29C63900D80748 /* Frameworks */ = {
			isa = PBXFrameworksBuildPhase;
			buildActionMask = 2147483647;
			files = (
			);
			runOnlyForDeploymentPostprocessing = 0;
		};
/* End PBXFrameworksBuildPhase section */

/* Begin PBXGroup section */
		36108CAD2A2A276600CA6D60 /* Data */ = {
			isa = PBXGroup;
			children = (
				36108CCF2A2DD19400CA6D60 /* covers.json */,
				36108CA82A2A276100CA6D60 /* animals.json */,
				36108CA72A2A276100CA6D60 /* locations.json */,
				36108CA92A2A276100CA6D60 /* videos.json */,
			);
			path = Data;
			sourceTree = "<group>";
		};
		36108CAE2A2A277000CA6D60 /* App */ = {
			isa = PBXGroup;
			children = (
				36D929222A29C63900D80748 /* AnimalInfoApp.swift */,
				36D929242A29C63900D80748 /* ContentView.swift */,
				36108CC02A2A317300CA6D60 /* VideoListView.swift */,
				36108CC22A2A317A00CA6D60 /* MapView.swift */,
				36108CC42A2A318000CA6D60 /* GalleryView.swift */,
				36108CC62A2A318800CA6D60 /* MainView.swift */,
			);
			path = App;
			sourceTree = "<group>";
		};
		36108CAF2A2A277500CA6D60 /* Extension */ = {
			isa = PBXGroup;
			children = (
				36108CD12A2DD20B00CA6D60 /* CodableBundle.swift */,
			);
			path = Extension;
			sourceTree = "<group>";
		};
		36108CB02A2A277A00CA6D60 /* Helper */ = {
			isa = PBXGroup;
			children = (
				36108D002A2DF23A00CA6D60 /* VideoPlayerHelper.swift */,
			);
			path = Helper;
			sourceTree = "<group>";
		};
		36108CB12A2A278200CA6D60 /* Model */ = {
			isa = PBXGroup;
			children = (
				36108CCA2A2A35BB00CA6D60 /* CoverImageModel.swift */,
				36108CD52A2DD7D500CA6D60 /* AnimalModel.swift */,
				36108CE32A2DEC1600CA6D60 /* VideoModel.swift */,
				36108D022A2DF57F00CA6D60 /* LocationModel.swift */,
			);
			path = Model;
			sourceTree = "<group>";
		};
		36108CB22A2A278500CA6D60 /* Modifier */ = {
			isa = PBXGroup;
			children = (
			);
			path = Modifier;
			sourceTree = "<group>";
		};
		36108CB42A2A279700CA6D60 /* View */ = {
			isa = PBXGroup;
			children = (
				36108CE72A2DF12D00CA6D60 /* VideoPlayerView.swift */,
				36108CC82A2A328100CA6D60 /* CoverImageView.swift */,
				36108CD32A2DD59A00CA6D60 /* AnimalListItemView.swift */,
				36108CD72A2DE04500CA6D60 /* AnimalDetailView.swift */,
				36108CDF2A2DE66900CA6D60 /* InsetMapView.swift */,
				36108CDD2A2DE3B900CA6D60 /* InsetFactView.swift */,
				36108CD92A2DE1DA00CA6D60 /* HeadingView.swift */,
				36108CDB2A2DE25F00CA6D60 /* InsetGalleryView.swift */,
				36108CE12A2DE9AB00CA6D60 /* ExternalWebLinkView.swift */,
				36108CE52A2DEC4600CA6D60 /* VideoListItemView.swift */,
				36108D042A2DFAB100CA6D60 /* MapAnnotationView.swift */,
				36108D062A2E02C000CA6D60 /* MotionAnimationView.swift */,
				36108D082A2E0EF700CA6D60 /* AnimalGridItemView.swift */,
			);
			path = View;
			sourceTree = "<group>";
		};
		36108CFD2A2DF1F300CA6D60 /* Video */ = {
			isa = PBXGroup;
			children = (
				36108CEA2A2DF1E800CA6D60 /* cheetah.mp4 */,
				36108CF12A2DF1EA00CA6D60 /* elephant.mp4 */,
				36108CEC2A2DF1E900CA6D60 /* giraffe.mp4 */,
				36108CEB2A2DF1E900CA6D60 /* gorilla.mp4 */,
				36108CF02A2DF1EA00CA6D60 /* hippo.mp4 */,
				36108CEE2A2DF1E900CA6D60 /* lion.mp4 */,
				36108CED2A2DF1E900CA6D60 /* lioness.mp4 */,
				36108CF22A2DF1EA00CA6D60 /* ostrich.mp4 */,
				36108CE92A2DF1E800CA6D60 /* rhino.mp4 */,
				36108CEF2A2DF1E900CA6D60 /* zebra.mp4 */,
			);
			path = Video;
			sourceTree = "<group>";
		};
		36D929162A29C63900D80748 = {
			isa = PBXGroup;
			children = (
				36D929212A29C63900D80748 /* AnimalInfo */,
				36D929202A29C63900D80748 /* Products */,
			);
			sourceTree = "<group>";
		};
		36D929202A29C63900D80748 /* Products */ = {
			isa = PBXGroup;
			children = (
				36D9291F2A29C63900D80748 /* AnimalInfo.app */,
			);
			name = Products;
			sourceTree = "<group>";
		};
		36D929212A29C63900D80748 /* AnimalInfo */ = {
			isa = PBXGroup;
			children = (
				36108CFD2A2DF1F300CA6D60 /* Video */,
				36108CBF2A2A29B600CA6D60 /* Info.plist */,
				36108CAE2A2A277000CA6D60 /* App */,
				36108CB12A2A278200CA6D60 /* Model */,
				36108CB42A2A279700CA6D60 /* View */,
				36108CAD2A2A276600CA6D60 /* Data */,
				36108CAF2A2A277500CA6D60 /* Extension */,
				36108CB02A2A277A00CA6D60 /* Helper */,
				36108CB22A2A278500CA6D60 /* Modifier */,
				36D929262A29C63A00D80748 /* Assets.xcassets */,
				36D929282A29C63A00D80748 /* Preview Content */,
			);
			path = AnimalInfo;
			sourceTree = "<group>";
		};
		36D929282A29C63A00D80748 /* Preview Content */ = {
			isa = PBXGroup;
			children = (
				36D929292A29C63A00D80748 /* Preview Assets.xcassets */,
			);
			path = "Preview Content";
			sourceTree = "<group>";
		};
/* End PBXGroup section */

/* Begin PBXNativeTarget section */
		36D9291E2A29C63900D80748 /* AnimalInfo */ = {
			isa = PBXNativeTarget;
			buildConfigurationList = 36D9292D2A29C63A00D80748 /* Build configuration list for PBXNativeTarget "AnimalInfo" */;
			buildPhases = (
				36D9291B2A29C63900D80748 /* Sources */,
				36D9291C2A29C63900D80748 /* Frameworks */,
				36D9291D2A29C63900D80748 /* Resources */,
			);
			buildRules = (
			);
			dependencies = (
			);
			name = AnimalInfo;
			productName = AnimalInfo;
			productReference = 36D9291F2A29C63900D80748 /* AnimalInfo.app */;
			productType = "com.apple.product-type.application";
		};
/* End PBXNativeTarget section */

/* Begin PBXProject section */
		36D929172A29C63900D80748 /* Project object */ = {
			isa = PBXProject;
			attributes = {
				BuildIndependentTargetsInParallel = 1;
				LastSwiftUpdateCheck = 1420;
				LastUpgradeCheck = 1420;
				TargetAttributes = {
					36D9291E2A29C63900D80748 = {
						CreatedOnToolsVersion = 14.2;
					};
				};
			};
			buildConfigurationList = 36D9291A2A29C63900D80748 /* Build configuration list for PBXProject "AnimalInfo" */;
			compatibilityVersion = "Xcode 14.0";
			developmentRegion = en;
			hasScannedForEncodings = 0;
			knownRegions = (
				en,
				Base,
			);
			mainGroup = 36D929162A29C63900D80748;
			packageReferences = (
			);
			productRefGroup = 36D929202A29C63900D80748 /* Products */;
			projectDirPath = "";
			projectRoot = "";
			targets = (
				36D9291E2A29C63900D80748 /* AnimalInfo */,
			);
		};
/* End PBXProject section */

/* Begin PBXResourcesBuildPhase section */
		36D9291D2A29C63900D80748 /* Resources */ = {
			isa = PBXResourcesBuildPhase;
			buildActionMask = 2147483647;
			files = (
				36D9292A2A29C63A00D80748 /* Preview Assets.xcassets in Resources */,
				36108CF92A2DF1EA00CA6D60 /* zebra.mp4 in Resources */,
				36108CFA2A2DF1EA00CA6D60 /* hippo.mp4 in Resources */,
				36108CF82A2DF1EA00CA6D60 /* lion.mp4 in Resources */,
				36108CF72A2DF1EA00CA6D60 /* lioness.mp4 in Resources */,
				36108CF52A2DF1EA00CA6D60 /* gorilla.mp4 in Resources */,
				36108CFC2A2DF1EA00CA6D60 /* ostrich.mp4 in Resources */,
				36108CD02A2DD19400CA6D60 /* covers.json in Resources */,
				36108CAB2A2A276100CA6D60 /* animals.json in Resources */,
				36108CFB2A2DF1EA00CA6D60 /* elephant.mp4 in Resources */,
				36108CF62A2DF1EA00CA6D60 /* giraffe.mp4 in Resources */,
				36108CAC2A2A276100CA6D60 /* videos.json in Resources */,
				36108CF42A2DF1EA00CA6D60 /* cheetah.mp4 in Resources */,
				36108CF32A2DF1EA00CA6D60 /* rhino.mp4 in Resources */,
				36108CAA2A2A276100CA6D60 /* locations.json in Resources */,
				36D929272A29C63A00D80748 /* Assets.xcassets in Resources */,
			);
			runOnlyForDeploymentPostprocessing = 0;
		};
/* End PBXResourcesBuildPhase section */

/* Begin PBXSourcesBuildPhase section */
		36D9291B2A29C63900D80748 /* Sources */ = {
			isa = PBXSourcesBuildPhase;
			buildActionMask = 2147483647;
			files = (
				36D929252A29C63900D80748 /* ContentView.swift in Sources */,
				36108CD42A2DD59A00CA6D60 /* AnimalListItemView.swift in Sources */,
				36108CC72A2A318800CA6D60 /* MainView.swift in Sources */,
				36108CDE2A2DE3B900CA6D60 /* InsetFactView.swift in Sources */,
				36108CC92A2A328100CA6D60 /* CoverImageView.swift in Sources */,
				36108CCB2A2A35BB00CA6D60 /* CoverImageModel.swift in Sources */,
				36108CD82A2DE04500CA6D60 /* AnimalDetailView.swift in Sources */,
				36108CD62A2DD7D500CA6D60 /* AnimalModel.swift in Sources */,
				36108CC32A2A317A00CA6D60 /* MapView.swift in Sources */,
				36108CE02A2DE66900CA6D60 /* InsetMapView.swift in Sources */,
				36108D012A2DF23A00CA6D60 /* VideoPlayerHelper.swift in Sources */,
				36D929232A29C63900D80748 /* AnimalInfoApp.swift in Sources */,
				36108CE22A2DE9AB00CA6D60 /* ExternalWebLinkView.swift in Sources */,
				36108D052A2DFAB100CA6D60 /* MapAnnotationView.swift in Sources */,
				36108CC12A2A317300CA6D60 /* VideoListView.swift in Sources */,
				36108CE42A2DEC1600CA6D60 /* VideoModel.swift in Sources */,
				36108CC52A2A318000CA6D60 /* GalleryView.swift in Sources */,
				36108D032A2DF58000CA6D60 /* LocationModel.swift in Sources */,
				36108D092A2E0EF700CA6D60 /* AnimalGridItemView.swift in Sources */,
				36108CDC2A2DE25F00CA6D60 /* InsetGalleryView.swift in Sources */,
				36108CE62A2DEC4600CA6D60 /* VideoListItemView.swift in Sources */,
				36108CD22A2DD20B00CA6D60 /* CodableBundle.swift in Sources */,
				36108D072A2E02C000CA6D60 /* MotionAnimationView.swift in Sources */,
				36108CDA2A2DE1DA00CA6D60 /* HeadingView.swift in Sources */,
				36108CE82A2DF12E00CA6D60 /* VideoPlayerView.swift in Sources */,
			);
			runOnlyForDeploymentPostprocessing = 0;
		};
/* End PBXSourcesBuildPhase section */

/* Begin XCBuildConfiguration section */
		36D9292B2A29C63A00D80748 /* Debug */ = {
			isa = XCBuildConfiguration;
			buildSettings = {
				ALWAYS_SEARCH_USER_PATHS = NO;
				CLANG_ANALYZER_NONNULL = YES;
				CLANG_ANALYZER_NUMBER_OBJECT_CONVERSION = YES_AGGRESSIVE;
				CLANG_CXX_LANGUAGE_STANDARD = "gnu++20";
				CLANG_ENABLE_MODULES = YES;
				CLANG_ENABLE_OBJC_ARC = YES;
				CLANG_ENABLE_OBJC_WEAK = YES;
				CLANG_WARN_BLOCK_CAPTURE_AUTORELEASING = YES;
				CLANG_WARN_BOOL_CONVERSION = YES;
				CLANG_WARN_COMMA = YES;
				CLANG_WARN_CONSTANT_CONVERSION = YES;
				CLANG_WARN_DEPRECATED_OBJC_IMPLEMENTATIONS = YES;
				CLANG_WARN_DIRECT_OBJC_ISA_USAGE = YES_ERROR;
				CLANG_WARN_DOCUMENTATION_COMMENTS = YES;
				CLANG_WARN_EMPTY_BODY = YES;
				CLANG_WARN_ENUM_CONVERSION = YES;
				CLANG_WARN_INFINITE_RECURSION = YES;
				CLANG_WARN_INT_CONVERSION = YES;
				CLANG_WARN_NON_LITERAL_NULL_CONVERSION = YES;
				CLANG_WARN_OBJC_IMPLICIT_RETAIN_SELF = YES;
				CLANG_WARN_OBJC_LITERAL_CONVERSION = YES;
				CLANG_WARN_OBJC_ROOT_CLASS = YES_ERROR;
				CLANG_WARN_QUOTED_INCLUDE_IN_FRAMEWORK_HEADER = YES;
				CLANG_WARN_RANGE_LOOP_ANALYSIS = YES;
				CLANG_WARN_STRICT_PROTOTYPES = YES;
				CLANG_WARN_SUSPICIOUS_MOVE = YES;
				CLANG_WARN_UNGUARDED_AVAILABILITY = YES_AGGRESSIVE;
				CLANG_WARN_UNREACHABLE_CODE = YES;
				CLANG_WARN__DUPLICATE_METHOD_MATCH = YES;
				COPY_PHASE_STRIP = NO;
				DEBUG_INFORMATION_FORMAT = dwarf;
				ENABLE_STRICT_OBJC_MSGSEND = YES;
				ENABLE_TESTABILITY = YES;
				GCC_C_LANGUAGE_STANDARD = gnu11;
				GCC_DYNAMIC_NO_PIC = NO;
				GCC_NO_COMMON_BLOCKS = YES;
				GCC_OPTIMIZATION_LEVEL = 0;
				GCC_PREPROCESSOR_DEFINITIONS = (
					"DEBUG=1",
					"$(inherited)",
				);
				GCC_WARN_64_TO_32_BIT_CONVERSION = YES;
				GCC_WARN_ABOUT_RETURN_TYPE = YES_ERROR;
				GCC_WARN_UNDECLARED_SELECTOR = YES;
				GCC_WARN_UNINITIALIZED_AUTOS = YES_AGGRESSIVE;
				GCC_WARN_UNUSED_FUNCTION = YES;
				GCC_WARN_UNUSED_VARIABLE = YES;
				IPHONEOS_DEPLOYMENT_TARGET = 16.2;
				MTL_ENABLE_DEBUG_INFO = INCLUDE_SOURCE;
				MTL_FAST_MATH = YES;
				ONLY_ACTIVE_ARCH = YES;
				SDKROOT = iphoneos;
				SWIFT_ACTIVE_COMPILATION_CONDITIONS = DEBUG;
				SWIFT_OPTIMIZATION_LEVEL = "-Onone";
			};
			name = Debug;
		};
		36D9292C2A29C63A00D80748 /* Release */ = {
			isa = XCBuildConfiguration;
			buildSettings = {
				ALWAYS_SEARCH_USER_PATHS = NO;
				CLANG_ANALYZER_NONNULL = YES;
				CLANG_ANALYZER_NUMBER_OBJECT_CONVERSION = YES_AGGRESSIVE;
				CLANG_CXX_LANGUAGE_STANDARD = "gnu++20";
				CLANG_ENABLE_MODULES = YES;
				CLANG_ENABLE_OBJC_ARC = YES;
				CLANG_ENABLE_OBJC_WEAK = YES;
				CLANG_WARN_BLOCK_CAPTURE_AUTORELEASING = YES;
				CLANG_WARN_BOOL_CONVERSION = YES;
				CLANG_WARN_COMMA = YES;
				CLANG_WARN_CONSTANT_CONVERSION = YES;
				CLANG_WARN_DEPRECATED_OBJC_IMPLEMENTATIONS = YES;
				CLANG_WARN_DIRECT_OBJC_ISA_USAGE = YES_ERROR;
				CLANG_WARN_DOCUMENTATION_COMMENTS = YES;
				CLANG_WARN_EMPTY_BODY = YES;
				CLANG_WARN_ENUM_CONVERSION = YES;
				CLANG_WARN_INFINITE_RECURSION = YES;
				CLANG_WARN_INT_CONVERSION = YES;
				CLANG_WARN_NON_LITERAL_NULL_CONVERSION = YES;
				CLANG_WARN_OBJC_IMPLICIT_RETAIN_SELF = YES;
				CLANG_WARN_OBJC_LITERAL_CONVERSION = YES;
				CLANG_WARN_OBJC_ROOT_CLASS = YES_ERROR;
				CLANG_WARN_QUOTED_INCLUDE_IN_FRAMEWORK_HEADER = YES;
				CLANG_WARN_RANGE_LOOP_ANALYSIS = YES;
				CLANG_WARN_STRICT_PROTOTYPES = YES;
				CLANG_WARN_SUSPICIOUS_MOVE = YES;
				CLANG_WARN_UNGUARDED_AVAILABILITY = YES_AGGRESSIVE;
				CLANG_WARN_UNREACHABLE_CODE = YES;
				CLANG_WARN__DUPLICATE_METHOD_MATCH = YES;
				COPY_PHASE_STRIP = NO;
				DEBUG_INFORMATION_FORMAT = "dwarf-with-dsym";
				ENABLE_NS_ASSERTIONS = NO;
				ENABLE_STRICT_OBJC_MSGSEND = YES;
				GCC_C_LANGUAGE_STANDARD = gnu11;
				GCC_NO_COMMON_BLOCKS = YES;
				GCC_WARN_64_TO_32_BIT_CONVERSION = YES;
				GCC_WARN_ABOUT_RETURN_TYPE = YES_ERROR;
				GCC_WARN_UNDECLARED_SELECTOR = YES;
				GCC_WARN_UNINITIALIZED_AUTOS = YES_AGGRESSIVE;
				GCC_WARN_UNUSED_FUNCTION = YES;
				GCC_WARN_UNUSED_VARIABLE = YES;
				IPHONEOS_DEPLOYMENT_TARGET = 16.2;
				MTL_ENABLE_DEBUG_INFO = NO;
				MTL_FAST_MATH = YES;
				SDKROOT = iphoneos;
				SWIFT_COMPILATION_MODE = wholemodule;
				SWIFT_OPTIMIZATION_LEVEL = "-O";
				VALIDATE_PRODUCT = YES;
			};
			name = Release;
		};
		36D9292E2A29C63A00D80748 /* Debug */ = {
			isa = XCBuildConfiguration;
			buildSettings = {
				ASSETCATALOG_COMPILER_APPICON_NAME = AppIcon;
				ASSETCATALOG_COMPILER_GLOBAL_ACCENT_COLOR_NAME = AccentColor;
				CODE_SIGN_STYLE = Automatic;
				CURRENT_PROJECT_VERSION = 1;
				DEVELOPMENT_ASSET_PATHS = "\"AnimalInfo/Preview Content\"";
				DEVELOPMENT_TEAM = 56GPYX4M8B;
				ENABLE_PREVIEWS = YES;
				GENERATE_INFOPLIST_FILE = YES;
				INFOPLIST_FILE = AnimalInfo/Info.plist;
				INFOPLIST_KEY_UIApplicationSceneManifest_Generation = YES;
				INFOPLIST_KEY_UIApplicationSupportsIndirectInputEvents = YES;
				INFOPLIST_KEY_UISupportedInterfaceOrientations = "UIInterfaceOrientationLandscapeRight UIInterfaceOrientationPortrait";
				INFOPLIST_KEY_UISupportedInterfaceOrientations_iPad = UIInterfaceOrientationPortrait;
				INFOPLIST_KEY_UIUserInterfaceStyle = Dark;
				LD_RUNPATH_SEARCH_PATHS = (
					"$(inherited)",
					"@executable_path/Frameworks",
				);
				MARKETING_VERSION = 1.0;
				PRODUCT_BUNDLE_IDENTIFIER = com.CanKanbur.AnimalInfo;
				PRODUCT_NAME = "$(TARGET_NAME)";
				SUPPORTED_PLATFORMS = "iphoneos iphonesimulator";
				SUPPORTS_MACCATALYST = NO;
				SUPPORTS_MAC_DESIGNED_FOR_IPHONE_IPAD = NO;
				SWIFT_EMIT_LOC_STRINGS = YES;
				SWIFT_VERSION = 5.0;
				TARGETED_DEVICE_FAMILY = "1,2";
			};
			name = Debug;
		};
		36D9292F2A29C63A00D80748 /* Release */ = {
			isa = XCBuildConfiguration;
			buildSettings = {
				ASSETCATALOG_COMPILER_APPICON_NAME = AppIcon;
				ASSETCATALOG_COMPILER_GLOBAL_ACCENT_COLOR_NAME = AccentColor;
				CODE_SIGN_STYLE = Automatic;
				CURRENT_PROJECT_VERSION = 1;
				DEVELOPMENT_ASSET_PATHS = "\"AnimalInfo/Preview Content\"";
				DEVELOPMENT_TEAM = 56GPYX4M8B;
				ENABLE_PREVIEWS = YES;
				GENERATE_INFOPLIST_FILE = YES;
				INFOPLIST_FILE = AnimalInfo/Info.plist;
				INFOPLIST_KEY_UIApplicationSceneManifest_Generation = YES;
				INFOPLIST_KEY_UIApplicationSupportsIndirectInputEvents = YES;
				INFOPLIST_KEY_UISupportedInterfaceOrientations = "UIInterfaceOrientationLandscapeRight UIInterfaceOrientationPortrait";
				INFOPLIST_KEY_UISupportedInterfaceOrientations_iPad = UIInterfaceOrientationPortrait;
				INFOPLIST_KEY_UIUserInterfaceStyle = Dark;
				LD_RUNPATH_SEARCH_PATHS = (
					"$(inherited)",
					"@executable_path/Frameworks",
				);
				MARKETING_VERSION = 1.0;
				PRODUCT_BUNDLE_IDENTIFIER = com.CanKanbur.AnimalInfo;
				PRODUCT_NAME = "$(TARGET_NAME)";
				SUPPORTED_PLATFORMS = "iphoneos iphonesimulator";
				SUPPORTS_MACCATALYST = NO;
				SUPPORTS_MAC_DESIGNED_FOR_IPHONE_IPAD = NO;
				SWIFT_EMIT_LOC_STRINGS = YES;
				SWIFT_VERSION = 5.0;
				TARGETED_DEVICE_FAMILY = "1,2";
			};
			name = Release;
		};
/* End XCBuildConfiguration section */

/* Begin XCConfigurationList section */
		36D9291A2A29C63900D80748 /* Build configuration list for PBXProject "AnimalInfo" */ = {
			isa = XCConfigurationList;
			buildConfigurations = (
				36D9292B2A29C63A00D80748 /* Debug */,
				36D9292C2A29C63A00D80748 /* Release */,
			);
			defaultConfigurationIsVisible = 0;
			defaultConfigurationName = Release;
		};
		36D9292D2A29C63A00D80748 /* Build configuration list for PBXNativeTarget "AnimalInfo" */ = {
			isa = XCConfigurationList;
			buildConfigurations = (
				36D9292E2A29C63A00D80748 /* Debug */,
				36D9292F2A29C63A00D80748 /* Release */,
			);
			defaultConfigurationIsVisible = 0;
			defaultConfigurationName = Release;
		};
/* End XCConfigurationList section */
	};
	rootObject = 36D929172A29C63900D80748 /* Project object */;
}
